// !$*UTF8*$!
{
	archiveVersion = 1;
	classes = {
	};
	objectVersion = 46;
	objects = {

/* Begin PBXBuildFile section */
		D629EDF61BE741DE006A540F /* main.m in Sources */ = {isa = PBXBuildFile; fileRef = D629EDF51BE741DE006A540F /* main.m */; };
		D629EDF91BE741DE006A540F /* AppDelegate.m in Sources */ = {isa = PBXBuildFile; fileRef = D629EDF81BE741DE006A540F /* AppDelegate.m */; };
		D629EDFC1BE741DE006A540F /* ViewController.m in Sources */ = {isa = PBXBuildFile; fileRef = D629EDFB1BE741DE006A540F /* ViewController.m */; };
		D629EDFF1BE741DE006A540F /* Main.storyboard in Resources */ = {isa = PBXBuildFile; fileRef = D629EDFD1BE741DE006A540F /* Main.storyboard */; };
		D629EE011BE741DE006A540F /* Assets.xcassets in Resources */ = {isa = PBXBuildFile; fileRef = D629EE001BE741DE006A540F /* Assets.xcassets */; };
		D629EE041BE741DE006A540F /* LaunchScreen.storyboard in Resources */ = {isa = PBXBuildFile; fileRef = D629EE021BE741DE006A540F /* LaunchScreen.storyboard */; };
		D629EE0F1BE741DE006A540F /* UIPickerViewDemoTests.m in Sources */ = {isa = PBXBuildFile; fileRef = D629EE0E1BE741DE006A540F /* UIPickerViewDemoTests.m */; };
		D629EE1A1BE741DE006A540F /* UIPickerViewDemoUITests.m in Sources */ = {isa = PBXBuildFile; fileRef = D629EE191BE741DE006A540F /* UIPickerViewDemoUITests.m */; };
		D629EE311BE74330006A540F /* PickerView.m in Sources */ = {isa = PBXBuildFile; fileRef = D629EE301BE74330006A540F /* PickerView.m */; };
		D62A9B7B1BE8655400B49EAD /* DateModel.m in Sources */ = {isa = PBXBuildFile; fileRef = D62A9B781BE8655400B49EAD /* DateModel.m */; };
		D62A9B7C1BE8655400B49EAD /* ShowDateModel.m in Sources */ = {isa = PBXBuildFile; fileRef = D62A9B7A1BE8655400B49EAD /* ShowDateModel.m */; };
/* End PBXBuildFile section */

/* Begin PBXContainerItemProxy section */
		D629EE0B1BE741DE006A540F /* PBXContainerItemProxy */ = {
			isa = PBXContainerItemProxy;
			containerPortal = D629EDE91BE741DE006A540F /* Project object */;
			proxyType = 1;
			remoteGlobalIDString = D629EDF01BE741DE006A540F;
			remoteInfo = UIPickerViewDemo;
		};
		D629EE161BE741DE006A540F /* PBXContainerItemProxy */ = {
			isa = PBXContainerItemProxy;
			containerPortal = D629EDE91BE741DE006A540F /* Project object */;
			proxyType = 1;
			remoteGlobalIDString = D629EDF01BE741DE006A540F;
			remoteInfo = UIPickerViewDemo;
		};
/* End PBXContainerItemProxy section */

/* Begin PBXFileReference section */
		D629EDF11BE741DE006A540F /* UIPickerViewDemo.app */ = {isa = PBXFileReference; explicitFileType = wrapper.application; includeInIndex = 0; path = UIPickerViewDemo.app; sourceTree = BUILT_PRODUCTS_DIR; };
		D629EDF51BE741DE006A540F /* main.m */ = {isa = PBXFileReference; lastKnownFileType = sourcecode.c.objc; path = main.m; sourceTree = "<group>"; };
		D629EDF71BE741DE006A540F /* AppDelegate.h */ = {isa = PBXFileReference; lastKnownFileType = sourcecode.c.h; path = AppDelegate.h; sourceTree = "<group>"; };
		D629EDF81BE741DE006A540F /* AppDelegate.m */ = {isa = PBXFileReference; lastKnownFileType = sourcecode.c.objc; path = AppDelegate.m; sourceTree = "<group>"; };
		D629EDFA1BE741DE006A540F /* ViewController.h */ = {isa = PBXFileReference; lastKnownFileType = sourcecode.c.h; path = ViewController.h; sourceTree = "<group>"; };
		D629EDFB1BE741DE006A540F /* ViewController.m */ = {isa = PBXFileReference; lastKnownFileType = sourcecode.c.objc; path = ViewController.m; sourceTree = "<group>"; };
		D629EDFE1BE741DE006A540F /* Base */ = {isa = PBXFileReference; lastKnownFileType = file.storyboard; name = Base; path = Base.lproj/Main.storyboard; sourceTree = "<group>"; };
		D629EE001BE741DE006A540F /* Assets.xcassets */ = {isa = PBXFileReference; lastKnownFileType = folder.assetcatalog; name = Assets.xcassets; path = ../Assets.xcassets; sourceTree = "<group>"; };
		D629EE031BE741DE006A540F /* Base */ = {isa = PBXFileReference; lastKnownFileType = file.storyboard; name = Base; path = Base.lproj/LaunchScreen.storyboard; sourceTree = "<group>"; };
		D629EE051BE741DE006A540F /* Info.plist */ = {isa = PBXFileReference; lastKnownFileType = text.plist.xml; name = Info.plist; path = ../Info.plist; sourceTree = "<group>"; };
		D629EE0A1BE741DE006A540F /* UIPickerViewDemoTests.xctest */ = {isa = PBXFileReference; explicitFileType = wrapper.cfbundle; includeInIndex = 0; path = UIPickerViewDemoTests.xctest; sourceTree = BUILT_PRODUCTS_DIR; };
		D629EE0E1BE741DE006A540F /* UIPickerViewDemoTests.m */ = {isa = PBXFileReference; lastKnownFileType = sourcecode.c.objc; path = UIPickerViewDemoTests.m; sourceTree = "<group>"; };
		D629EE101BE741DE006A540F /* Info.plist */ = {isa = PBXFileReference; lastKnownFileType = text.plist.xml; path = Info.plist; sourceTree = "<group>"; };
		D629EE151BE741DE006A540F /* UIPickerViewDemoUITests.xctest */ = {isa = PBXFileReference; explicitFileType = wrapper.cfbundle; includeInIndex = 0; path = UIPickerViewDemoUITests.xctest; sourceTree = BUILT_PRODUCTS_DIR; };
		D629EE191BE741DE006A540F /* UIPickerViewDemoUITests.m */ = {isa = PBXFileReference; lastKnownFileType = sourcecode.c.objc; path = UIPickerViewDemoUITests.m; sourceTree = "<group>"; };
		D629EE1B1BE741DE006A540F /* Info.plist */ = {isa = PBXFileReference; lastKnownFileType = text.plist.xml; path = Info.plist; sourceTree = "<group>"; };
		D629EE2A1BE74271006A540F /* XXZFontAndColor.h */ = {isa = PBXFileReference; fileEncoding = 4; lastKnownFileType = sourcecode.c.h; path = XXZFontAndColor.h; sourceTree = "<group>"; };
		D629EE2B1BE74271006A540F /* XXZInterface.h */ = {isa = PBXFileReference; fileEncoding = 4; lastKnownFileType = sourcecode.c.h; path = XXZInterface.h; sourceTree = "<group>"; };
		D629EE2C1BE74271006A540F /* XXZMacros.h */ = {isa = PBXFileReference; fileEncoding = 4; lastKnownFileType = sourcecode.c.h; path = XXZMacros.h; sourceTree = "<group>"; };
		D629EE2D1BE74271006A540F /* XXZOther.h */ = {isa = PBXFileReference; fileEncoding = 4; lastKnownFileType = sourcecode.c.h; path = XXZOther.h; sourceTree = "<group>"; };
		D629EE2E1BE74271006A540F /* XXZPrefixHeader.pch */ = {isa = PBXFileReference; fileEncoding = 4; lastKnownFileType = sourcecode.c.h; path = XXZPrefixHeader.pch; sourceTree = "<group>"; };
		D629EE2F1BE74330006A540F /* PickerView.h */ = {isa = PBXFileReference; fileEncoding = 4; lastKnownFileType = sourcecode.c.h; path = PickerView.h; sourceTree = "<group>"; };
		D629EE301BE74330006A540F /* PickerView.m */ = {isa = PBXFileReference; fileEncoding = 4; lastKnownFileType = sourcecode.c.objc; path = PickerView.m; sourceTree = "<group>"; };
		D62A9B771BE8655400B49EAD /* DateModel.h */ = {isa = PBXFileReference; fileEncoding = 4; lastKnownFileType = sourcecode.c.h; path = DateModel.h; sourceTree = "<group>"; };
		D62A9B781BE8655400B49EAD /* DateModel.m */ = {isa = PBXFileReference; fileEncoding = 4; lastKnownFileType = sourcecode.c.objc; path = DateModel.m; sourceTree = "<group>"; };
		D62A9B791BE8655400B49EAD /* ShowDateModel.h */ = {isa = PBXFileReference; fileEncoding = 4; lastKnownFileType = sourcecode.c.h; path = ShowDateModel.h; sourceTree = "<group>"; };
		D62A9B7A1BE8655400B49EAD /* ShowDateModel.m */ = {isa = PBXFileReference; fileEncoding = 4; lastKnownFileType = sourcecode.c.objc; path = ShowDateModel.m; sourceTree = "<group>"; };
/* End PBXFileReference section */

/* Begin PBXFrameworksBuildPhase section */
		D629EDEE1BE741DE006A540F /* Frameworks */ = {
			isa = PBXFrameworksBuildPhase;
			buildActionMask = 2147483647;
			files = (
			);
			runOnlyForDeploymentPostprocessing = 0;
		};
		D629EE071BE741DE006A540F /* Frameworks */ = {
			isa = PBXFrameworksBuildPhase;
			buildActionMask = 2147483647;
			files = (
			);
			runOnlyForDeploymentPostprocessing = 0;
		};
		D629EE121BE741DE006A540F /* Frameworks */ = {
			isa = PBXFrameworksBuildPhase;
			buildActionMask = 2147483647;
			files = (
			);
			runOnlyForDeploymentPostprocessing = 0;
		};
/* End PBXFrameworksBuildPhase section */

/* Begin PBXGroup section */
		D629EDE81BE741DE006A540F = {
			isa = PBXGroup;
			children = (
				D629EDF31BE741DE006A540F /* UIPickerViewDemo */,
				D629EE0D1BE741DE006A540F /* UIPickerViewDemoTests */,
				D629EE181BE741DE006A540F /* UIPickerViewDemoUITests */,
				D629EDF21BE741DE006A540F /* Products */,
			);
			sourceTree = "<group>";
		};
		D629EDF21BE741DE006A540F /* Products */ = {
			isa = PBXGroup;
			children = (
				D629EDF11BE741DE006A540F /* UIPickerViewDemo.app */,
				D629EE0A1BE741DE006A540F /* UIPickerViewDemoTests.xctest */,
				D629EE151BE741DE006A540F /* UIPickerViewDemoUITests.xctest */,
			);
			name = Products;
			sourceTree = "<group>";
		};
		D629EDF31BE741DE006A540F /* UIPickerViewDemo */ = {
			isa = PBXGroup;
			children = (
				D629EDF71BE741DE006A540F /* AppDelegate.h */,
				D629EDF81BE741DE006A540F /* AppDelegate.m */,
				D629EDFA1BE741DE006A540F /* ViewController.h */,
				D629EDFB1BE741DE006A540F /* ViewController.m */,
				D629EE271BE7424E006A540F /* pickerView */,
				D629EE281BE7424E006A540F /* System */,
			);
			path = UIPickerViewDemo;
			sourceTree = "<group>";
		};
		D629EDF41BE741DE006A540F /* Supporting Files */ = {
			isa = PBXGroup;
			children = (
				D629EDF51BE741DE006A540F /* main.m */,
			);
			name = "Supporting Files";
			path = ..;
			sourceTree = "<group>";
		};
		D629EE0D1BE741DE006A540F /* UIPickerViewDemoTests */ = {
			isa = PBXGroup;
			children = (
				D629EE0E1BE741DE006A540F /* UIPickerViewDemoTests.m */,
				D629EE101BE741DE006A540F /* Info.plist */,
			);
			path = UIPickerViewDemoTests;
			sourceTree = "<group>";
		};
		D629EE181BE741DE006A540F /* UIPickerViewDemoUITests */ = {
			isa = PBXGroup;
			children = (
				D629EE191BE741DE006A540F /* UIPickerViewDemoUITests.m */,
				D629EE1B1BE741DE006A540F /* Info.plist */,
			);
			path = UIPickerViewDemoUITests;
			sourceTree = "<group>";
		};
		D629EE271BE7424E006A540F /* pickerView */ = {
			isa = PBXGroup;
			children = (
				D629EE2F1BE74330006A540F /* PickerView.h */,
				D629EE301BE74330006A540F /* PickerView.m */,
				D62A9B761BE8655400B49EAD /* DateModel */,
			);
			path = pickerView;
			sourceTree = "<group>";
		};
		D629EE281BE7424E006A540F /* System */ = {
			isa = PBXGroup;
			children = (
				D629EE291BE74271006A540F /* Configuration */,
				D629EDF41BE741DE006A540F /* Supporting Files */,
				D629EDFD1BE741DE006A540F /* Main.storyboard */,
				D629EE001BE741DE006A540F /* Assets.xcassets */,
				D629EE021BE741DE006A540F /* LaunchScreen.storyboard */,
				D629EE051BE741DE006A540F /* Info.plist */,
			);
			path = System;
			sourceTree = "<group>";
		};
		D629EE291BE74271006A540F /* Configuration */ = {
			isa = PBXGroup;
			children = (
				D629EE2A1BE74271006A540F /* XXZFontAndColor.h */,
				D629EE2B1BE74271006A540F /* XXZInterface.h */,
				D629EE2C1BE74271006A540F /* XXZMacros.h */,
				D629EE2D1BE74271006A540F /* XXZOther.h */,
				D629EE2E1BE74271006A540F /* XXZPrefixHeader.pch */,
			);
			path = Configuration;
			sourceTree = "<group>";
		};
		D62A9B761BE8655400B49EAD /* DateModel */ = {
			isa = PBXGroup;
			children = (
				D62A9B771BE8655400B49EAD /* DateModel.h */,
				D62A9B781BE8655400B49EAD /* DateModel.m */,
				D62A9B791BE8655400B49EAD /* ShowDateModel.h */,
				D62A9B7A1BE8655400B49EAD /* ShowDateModel.m */,
			);
			path = DateModel;
			sourceTree = "<group>";
		};
/* End PBXGroup section */

/* Begin PBXNativeTarget section */
		D629EDF01BE741DE006A540F /* UIPickerViewDemo */ = {
			isa = PBXNativeTarget;
			buildConfigurationList = D629EE1E1BE741DE006A540F /* Build configuration list for PBXNativeTarget "UIPickerViewDemo" */;
			buildPhases = (
				D629EDED1BE741DE006A540F /* Sources */,
				D629EDEE1BE741DE006A540F /* Frameworks */,
				D629EDEF1BE741DE006A540F /* Resources */,
			);
			buildRules = (
			);
			dependencies = (
			);
			name = UIPickerViewDemo;
			productName = UIPickerViewDemo;
			productReference = D629EDF11BE741DE006A540F /* UIPickerViewDemo.app */;
			productType = "com.apple.product-type.application";
		};
		D629EE091BE741DE006A540F /* UIPickerViewDemoTests */ = {
			isa = PBXNativeTarget;
			buildConfigurationList = D629EE211BE741DE006A540F /* Build configuration list for PBXNativeTarget "UIPickerViewDemoTests" */;
			buildPhases = (
				D629EE061BE741DE006A540F /* Sources */,
				D629EE071BE741DE006A540F /* Frameworks */,
				D629EE081BE741DE006A540F /* Resources */,
			);
			buildRules = (
			);
			dependencies = (
				D629EE0C1BE741DE006A540F /* PBXTargetDependency */,
			);
			name = UIPickerViewDemoTests;
			productName = UIPickerViewDemoTests;
			productReference = D629EE0A1BE741DE006A540F /* UIPickerViewDemoTests.xctest */;
			productType = "com.apple.product-type.bundle.unit-test";
		};
		D629EE141BE741DE006A540F /* UIPickerViewDemoUITests */ = {
			isa = PBXNativeTarget;
			buildConfigurationList = D629EE241BE741DE006A540F /* Build configuration list for PBXNativeTarget "UIPickerViewDemoUITests" */;
			buildPhases = (
				D629EE111BE741DE006A540F /* Sources */,
				D629EE121BE741DE006A540F /* Frameworks */,
				D629EE131BE741DE006A540F /* Resources */,
			);
			buildRules = (
			);
			dependencies = (
				D629EE171BE741DE006A540F /* PBXTargetDependency */,
			);
			name = UIPickerViewDemoUITests;
			productName = UIPickerViewDemoUITests;
			productReference = D629EE151BE741DE006A540F /* UIPickerViewDemoUITests.xctest */;
			productType = "com.apple.product-type.bundle.ui-testing";
		};
/* End PBXNativeTarget section */

/* Begin PBXProject section */
		D629EDE91BE741DE006A540F /* Project object */ = {
			isa = PBXProject;
			attributes = {
				LastUpgradeCheck = 0710;
				ORGANIZATIONNAME = Zachary;
				TargetAttributes = {
					D629EDF01BE741DE006A540F = {
						CreatedOnToolsVersion = 7.1;
						DevelopmentTeam = T8NZ2NYLBK;
					};
					D629EE091BE741DE006A540F = {
						CreatedOnToolsVersion = 7.1;
						TestTargetID = D629EDF01BE741DE006A540F;
					};
					D629EE141BE741DE006A540F = {
						CreatedOnToolsVersion = 7.1;
						TestTargetID = D629EDF01BE741DE006A540F;
					};
				};
			};
			buildConfigurationList = D629EDEC1BE741DE006A540F /* Build configuration list for PBXProject "UIPickerViewDemo" */;
			compatibilityVersion = "Xcode 3.2";
			developmentRegion = English;
			hasScannedForEncodings = 0;
			knownRegions = (
				en,
				Base,
			);
			mainGroup = D629EDE81BE741DE006A540F;
			productRefGroup = D629EDF21BE741DE006A540F /* Products */;
			projectDirPath = "";
			projectRoot = "";
			targets = (
				D629EDF01BE741DE006A540F /* UIPickerViewDemo */,
				D629EE091BE741DE006A540F /* UIPickerViewDemoTests */,
				D629EE141BE741DE006A540F /* UIPickerViewDemoUITests */,
			);
		};
/* End PBXProject section */

/* Begin PBXResourcesBuildPhase section */
		D629EDEF1BE741DE006A540F /* Resources */ = {
			isa = PBXResourcesBuildPhase;
			buildActionMask = 2147483647;
			files = (
				D629EE041BE741DE006A540F /* LaunchScreen.storyboard in Resources */,
				D629EE011BE741DE006A540F /* Assets.xcassets in Resources */,
				D629EDFF1BE741DE006A540F /* Main.storyboard in Resources */,
			);
			runOnlyForDeploymentPostprocessing = 0;
		};
		D629EE081BE741DE006A540F /* Resources */ = {
			isa = PBXResourcesBuildPhase;
			buildActionMask = 2147483647;
			files = (
			);
			runOnlyForDeploymentPostprocessing = 0;
		};
		D629EE131BE741DE006A540F /* Resources */ = {
			isa = PBXResourcesBuildPhase;
			buildActionMask = 2147483647;
			files = (
			);
			runOnlyForDeploymentPostprocessing = 0;
		};
/* End PBXResourcesBuildPhase section */

/* Begin PBXSourcesBuildPhase section */
		D629EDED1BE741DE006A540F /* Sources */ = {
			isa = PBXSourcesBuildPhase;
			buildActionMask = 2147483647;
			files = (
				D629EE311BE74330006A540F /* PickerView.m in Sources */,
				D62A9B7B1BE8655400B49EAD /* DateModel.m in Sources */,
				D629EDFC1BE741DE006A540F /* ViewController.m in Sources */,
				D629EDF91BE741DE006A540F /* AppDelegate.m in Sources */,
				D62A9B7C1BE8655400B49EAD /* ShowDateModel.m in Sources */,
				D629EDF61BE741DE006A540F /* main.m in Sources */,
			);
			runOnlyForDeploymentPostprocessing = 0;
		};
		D629EE061BE741DE006A540F /* Sources */ = {
			isa = PBXSourcesBuildPhase;
			buildActionMask = 2147483647;
			files = (
				D629EE0F1BE741DE006A540F /* UIPickerViewDemoTests.m in Sources */,
			);
			runOnlyForDeploymentPostprocessing = 0;
		};
		D629EE111BE741DE006A540F /* Sources */ = {
			isa = PBXSourcesBuildPhase;
			buildActionMask = 2147483647;
			files = (
				D629EE1A1BE741DE006A540F /* UIPickerViewDemoUITests.m in Sources */,
			);
			runOnlyForDeploymentPostprocessing = 0;
		};
/* End PBXSourcesBuildPhase section */

/* Begin PBXTargetDependency section */
		D629EE0C1BE741DE006A540F /* PBXTargetDependency */ = {
			isa = PBXTargetDependency;
			target = D629EDF01BE741DE006A540F /* UIPickerViewDemo */;
			targetProxy = D629EE0B1BE741DE006A540F /* PBXContainerItemProxy */;
		};
		D629EE171BE741DE006A540F /* PBXTargetDependency */ = {
			isa = PBXTargetDependency;
			target = D629EDF01BE741DE006A540F /* UIPickerViewDemo */;
			targetProxy = D629EE161BE741DE006A540F /* PBXContainerItemProxy */;
		};
/* End PBXTargetDependency section */

/* Begin PBXVariantGroup section */
		D629EDFD1BE741DE006A540F /* Main.storyboard */ = {
			isa = PBXVariantGroup;
			children = (
				D629EDFE1BE741DE006A540F /* Base */,
			);
			name = Main.storyboard;
			path = ..;
			sourceTree = "<group>";
		};
		D629EE021BE741DE006A540F /* LaunchScreen.storyboard */ = {
			isa = PBXVariantGroup;
			children = (
				D629EE031BE741DE006A540F /* Base */,
			);
			name = LaunchScreen.storyboard;
			path = ..;
			sourceTree = "<group>";
		};
/* End PBXVariantGroup section */

/* Begin XCBuildConfiguration section */
		D629EE1C1BE741DE006A540F /* Debug */ = {
			isa = XCBuildConfiguration;
			buildSettings = {
				ALWAYS_SEARCH_USER_PATHS = NO;
				CLANG_CXX_LANGUAGE_STANDARD = "gnu++0x";
				CLANG_CXX_LIBRARY = "libc++";
				CLANG_ENABLE_MODULES = YES;
				CLANG_ENABLE_OBJC_ARC = YES;
				CLANG_WARN_BOOL_CONVERSION = YES;
				CLANG_WARN_CONSTANT_CONVERSION = YES;
				CLANG_WARN_DIRECT_OBJC_ISA_USAGE = YES_ERROR;
				CLANG_WARN_EMPTY_BODY = YES;
				CLANG_WARN_ENUM_CONVERSION = YES;
				CLANG_WARN_INT_CONVERSION = YES;
				CLANG_WARN_OBJC_ROOT_CLASS = YES_ERROR;
				CLANG_WARN_UNREACHABLE_CODE = YES;
				CLANG_WARN__DUPLICATE_METHOD_MATCH = YES;
				"CODE_SIGN_IDENTITY[sdk=iphoneos*]" = "iPhone Developer";
				COPY_PHASE_STRIP = NO;
				DEBUG_INFORMATION_FORMAT = dwarf;
				ENABLE_STRICT_OBJC_MSGSEND = YES;
				ENABLE_TESTABILITY = YES;
				GCC_C_LANGUAGE_STANDARD = gnu99;
				GCC_DYNAMIC_NO_PIC = NO;
				GCC_NO_COMMON_BLOCKS = YES;
				GCC_OPTIMIZATION_LEVEL = 0;
				GCC_PREPROCESSOR_DEFINITIONS = (
					"DEBUG=1",
					"$(inherited)",
				);
				GCC_WARN_64_TO_32_BIT_CONVERSION = YES;
				GCC_WARN_ABOUT_RETURN_TYPE = YES_ERROR;
				GCC_WARN_UNDECLARED_SELECTOR = YES;
				GCC_WARN_UNINITIALIZED_AUTOS = YES_AGGRESSIVE;
				GCC_WARN_UNUSED_FUNCTION = YES;
				GCC_WARN_UNUSED_VARIABLE = YES;
				IPHONEOS_DEPLOYMENT_TARGET = 9.1;
				MTL_ENABLE_DEBUG_INFO = YES;
				ONLY_ACTIVE_ARCH = YES;
				SDKROOT = iphoneos;
			};
			name = Debug;
		};
		D629EE1D1BE741DE006A540F /* Release */ = {
			isa = XCBuildConfiguration;
			buildSettings = {
				ALWAYS_SEARCH_USER_PATHS = NO;
				CLANG_CXX_LANGUAGE_STANDARD = "gnu++0x";
				CLANG_CXX_LIBRARY = "libc++";
				CLANG_ENABLE_MODULES = YES;
				CLANG_ENABLE_OBJC_ARC = YES;
				CLANG_WARN_BOOL_CONVERSION = YES;
				CLANG_WARN_CONSTANT_CONVERSION = YES;
				CLANG_WARN_DIRECT_OBJC_ISA_USAGE = YES_ERROR;
				CLANG_WARN_EMPTY_BODY = YES;
				CLANG_WARN_ENUM_CONVERSION = YES;
				CLANG_WARN_INT_CONVERSION = YES;
				CLANG_WARN_OBJC_ROOT_CLASS = YES_ERROR;
				CLANG_WARN_UNREACHABLE_CODE = YES;
				CLANG_WARN__DUPLICATE_METHOD_MATCH = YES;
				"CODE_SIGN_IDENTITY[sdk=iphoneos*]" = "iPhone Developer";
				COPY_PHASE_STRIP = NO;
				DEBUG_INFORMATION_FORMAT = "dwarf-with-dsym";
				ENABLE_NS_ASSERTIONS = NO;
				ENABLE_STRICT_OBJC_MSGSEND = YES;
				GCC_C_LANGUAGE_STANDARD = gnu99;
				GCC_NO_COMMON_BLOCKS = YES;
				GCC_WARN_64_TO_32_BIT_CONVERSION = YES;
				GCC_WARN_ABOUT_RETURN_TYPE = YES_ERROR;
				GCC_WARN_UNDECLARED_SELECTOR = YES;
				GCC_WARN_UNINITIALIZED_AUTOS = YES_AGGRESSIVE;
				GCC_WARN_UNUSED_FUNCTION = YES;
				GCC_WARN_UNUSED_VARIABLE = YES;
				IPHONEOS_DEPLOYMENT_TARGET = 9.1;
				MTL_ENABLE_DEBUG_INFO = NO;
				SDKROOT = iphoneos;
				VALIDATE_PRODUCT = YES;
			};
			name = Release;
		};
		D629EE1F1BE741DE006A540F /* Debug */ = {
			isa = XCBuildConfiguration;
			buildSettings = {
				ASSETCATALOG_COMPILER_APPICON_NAME = AppIcon;
				CODE_SIGN_IDENTITY = "iPhone Developer: Chen Peiling (28XQH88DQ9)";
				GCC_PRECOMPILE_PREFIX_HEADER = YES;
				GCC_PREFIX_HEADER = UIPickerViewDemo/System/Configuration/XXZPrefixHeader.pch;
				INFOPLIST_FILE = UIPickerViewDemo/Info.plist;
				IPHONEOS_DEPLOYMENT_TARGET = 7.0;
				LD_RUNPATH_SEARCH_PATHS = "$(inherited) @executable_path/Frameworks";
				PRODUCT_BUNDLE_IDENTIFIER = com.jiayuhulian.UIPickerViewDemo;
				PRODUCT_NAME = "$(TARGET_NAME)";
			};
			name = Debug;
		};
		D629EE201BE741DE006A540F /* Release */ = {
			isa = XCBuildConfiguration;
			buildSettings = {
				ASSETCATALOG_COMPILER_APPICON_NAME = AppIcon;
				CODE_SIGN_IDENTITY = "iPhone Developer";
				GCC_PRECOMPILE_PREFIX_HEADER = YES;
				GCC_PREFIX_HEADER = UIPickerViewDemo/System/Configuration/XXZPrefixHeader.pch;
				INFOPLIST_FILE = UIPickerViewDemo/Info.plist;
				IPHONEOS_DEPLOYMENT_TARGET = 7.0;
				LD_RUNPATH_SEARCH_PATHS = "$(inherited) @executable_path/Frameworks";
				PRODUCT_BUNDLE_IDENTIFIER = com.jiayuhulian.UIPickerViewDemo;
				PRODUCT_NAME = "$(TARGET_NAME)";
			};
			name = Release;
		};
		D629EE221BE741DE006A540F /* Debug */ = {
			isa = XCBuildConfiguration;
			buildSettings = {
				BUNDLE_LOADER = "$(TEST_HOST)";
				INFOPLIST_FILE = UIPickerViewDemoTests/Info.plist;
				LD_RUNPATH_SEARCH_PATHS = "$(inherited) @executable_path/Frameworks @loader_path/Frameworks";
				PRODUCT_BUNDLE_IDENTIFIER = com.jiayuhulian.UIPickerViewDemoTests;
				PRODUCT_NAME = "$(TARGET_NAME)";
				TEST_HOST = "$(BUILT_PRODUCTS_DIR)/UIPickerViewDemo.app/UIPickerViewDemo";
			};
			name = Debug;
		};
		D629EE231BE741DE006A540F /* Release */ = {
			isa = XCBuildConfiguration;
			buildSettings = {
				BUNDLE_LOADER = "$(TEST_HOST)";
				INFOPLIST_FILE = UIPickerViewDemoTests/Info.plist;
				LD_RUNPATH_SEARCH_PATHS = "$(inherited) @executable_path/Frameworks @loader_path/Frameworks";
				PRODUCT_BUNDLE_IDENTIFIER = com.jiayuhulian.UIPickerViewDemoTests;
				PRODUCT_NAME = "$(TARGET_NAME)";
				TEST_HOST = "$(BUILT_PRODUCTS_DIR)/UIPickerViewDemo.app/UIPickerViewDemo";
			};
			name = Release;
		};
		D629EE251BE741DE006A540F /* Debug */ = {
			isa = XCBuildConfiguration;
			buildSettings = {
				INFOPLIST_FILE = UIPickerViewDemoUITests/Info.plist;
				LD_RUNPATH_SEARCH_PATHS = "$(inherited) @executable_path/Frameworks @loader_path/Frameworks";
				PRODUCT_BUNDLE_IDENTIFIER = com.jiayuhulian.UIPickerViewDemoUITests;
				PRODUCT_NAME = "$(TARGET_NAME)";
				TEST_TARGET_NAME = UIPickerViewDemo;
				USES_XCTRUNNER = YES;
			};
			name = Debug;
		};
		D629EE261BE741DE006A540F /* Release */ = {
			isa = XCBuildConfiguration;
			buildSettings = {
				INFOPLIST_FILE = UIPickerViewDemoUITests/Info.plist;
				LD_RUNPATH_SEARCH_PATHS = "$(inherited) @executable_path/Frameworks @loader_path/Frameworks";
				PRODUCT_BUNDLE_IDENTIFIER = com.jiayuhulian.UIPickerViewDemoUITests;
				PRODUCT_NAME = "$(TARGET_NAME)";
				TEST_TARGET_NAME = UIPickerViewDemo;
				USES_XCTRUNNER = YES;
			};
			name = Release;
		};
/* End XCBuildConfiguration section */

/* Begin XCConfigurationList section */
		D629EDEC1BE741DE006A540F /* Build configuration list for PBXProject "UIPickerViewDemo" */ = {
			isa = XCConfigurationList;
			buildConfigurations = (
				D629EE1C1BE741DE006A540F /* Debug */,
				D629EE1D1BE741DE006A540F /* Release */,
			);
			defaultConfigurationIsVisible = 0;
			defaultConfigurationName = Release;
		};
		D629EE1E1BE741DE006A540F /* Build configuration list for PBXNativeTarget "UIPickerViewDemo" */ = {
			isa = XCConfigurationList;
			buildConfigurations = (
				D629EE1F1BE741DE006A540F /* Debug */,
				D629EE201BE741DE006A540F /* Release */,
			);
			defaultConfigurationIsVisible = 0;
			defaultConfigurationName = Release;
		};
		D629EE211BE741DE006A540F /* Build configuration list for PBXNativeTarget "UIPickerViewDemoTests" */ = {
			isa = XCConfigurationList;
			buildConfigurations = (
				D629EE221BE741DE006A540F /* Debug */,
				D629EE231BE741DE006A540F /* Release */,
			);
			defaultConfigurationIsVisible = 0;
			defaultConfigurationName = Release;
		};
		D629EE241BE741DE006A540F /* Build configuration list for PBXNativeTarget "UIPickerViewDemoUITests" */ = {
			isa = XCConfigurationList;
			buildConfigurations = (
				D629EE251BE741DE006A540F /* Debug */,
				D629EE261BE741DE006A540F /* Release */,
			);
			defaultConfigurationIsVisible = 0;
			defaultConfigurationName = Release;
		};
/* End XCConfigurationList section */
	};
	rootObject = D629EDE91BE741DE006A540F /* Project object */;
}
